
Microsoft Visual Studio Solution File, Format Version 12.00
# Visual Studio 2012
Project("{FAE04EC0-301F-11D3-BF4B-00C04F79EFBC}") = "FirstiOS", "FirstiOS\FirstiOS.csproj", "{882A4E46-C5CE-4057-838B-C1CE80FC631A}"
EndProject
Global
	GlobalSection(SolutionConfigurationPlatforms) = preSolution
		Debug|iPhoneSimulator = Debug|iPhoneSimulator
		Release|iPhoneSimulator = Release|iPhoneSimulator
		Debug|iPhone = Debug|iPhone
		Release|iPhone = Release|iPhone
		Ad-Hoc|iPhone = Ad-Hoc|iPhone
		AppStore|iPhone = AppStore|iPhone
	EndGlobalSection
	GlobalSection(ProjectConfigurationPlatforms) = postSolution
		{882A4E46-C5CE-4057-838B-C1CE80FC631A}.Ad-Hoc|iPhone.ActiveCfg = Ad-Hoc|iPhone
		{882A4E46-C5CE-4057-838B-C1CE80FC631A}.Ad-Hoc|iPhone.Build.0 = Ad-Hoc|iPhone
		{882A4E46-C5CE-4057-838B-C1CE80FC631A}.AppStore|iPhone.ActiveCfg = AppStore|iPhone
		{882A4E46-C5CE-4057-838B-C1CE80FC631A}.AppStore|iPhone.Build.0 = AppStore|iPhone
		{882A4E46-C5CE-4057-838B-C1CE80FC631A}.Debug|iPhone.ActiveCfg = Debug|iPhone
		{882A4E46-C5CE-4057-838B-C1CE80FC631A}.Debug|iPhone.Build.0 = Debug|iPhone
		{882A4E46-C5CE-4057-838B-C1CE80FC631A}.Debug|iPhoneSimulator.ActiveCfg = Debug|iPhoneSimulator
		{882A4E46-C5CE-4057-838B-C1CE80FC631A}.Debug|iPhoneSimulator.Build.0 = Debug|iPhoneSimulator
		{882A4E46-C5CE-4057-838B-C1CE80FC631A}.Release|iPhone.ActiveCfg = Release|iPhone
		{882A4E46-C5CE-4057-838B-C1CE80FC631A}.Release|iPhone.Build.0 = Release|iPhone
		{882A4E46-C5CE-4057-838B-C1CE80FC631A}.Release|iPhoneSimulator.ActiveCfg = Release|iPhoneSimulator
		{882A4E46-C5CE-4057-838B-C1CE80FC631A}.Release|iPhoneSimulator.Build.0 = Release|iPhoneSimulator
	EndGlobalSection
	GlobalSection(MonoDevelopProperties) = preSolution
		StartupItem = FirstiOS\FirstiOS.csproj
	EndGlobalSection
EndGlobal
